// !$*UTF8*$!
{
	archiveVersion = 1;
	classes = {
	};
	objectVersion = 46;
	objects = {

/* Begin PBXAggregateTarget section */
		E9241326134AA8AC0056975F /* CopySiteFiles */ = {
			isa = PBXAggregateTarget;
			buildConfigurationList = E9241327134AA8AC0056975F /* Build configuration list for PBXAggregateTarget "CopySiteFiles" */;
			buildPhases = (
				E924132A134AA8B20056975F /* CopyFiles */,
			);
			dependencies = (
			);
			name = CopySiteFiles;
			productName = CopySiteFiles;
		};
/* End PBXAggregateTarget section */

/* Begin PBXBuildFile section */
		E924132B134AA8C90056975F /* register.php in CopyFiles */ = {isa = PBXBuildFile; fileRef = E9241322134AA87D0056975F /* register.php */; };
		E924132F134AB32B0056975F /* ConnectionViewController.m in Sources */ = {isa = PBXBuildFile; fileRef = E924132D134AB32A0056975F /* ConnectionViewController.m */; };
		E9241330134AB32B0056975F /* ConnectionViewController.xib in Resources */ = {isa = PBXBuildFile; fileRef = E924132E134AB32B0056975F /* ConnectionViewController.xib */; };
		E9C38352134AA75B00661269 /* UIKit.framework in Frameworks */ = {isa = PBXBuildFile; fileRef = E9C38351134AA75B00661269 /* UIKit.framework */; };
		E9C38354134AA75B00661269 /* Foundation.framework in Frameworks */ = {isa = PBXBuildFile; fileRef = E9C38353134AA75B00661269 /* Foundation.framework */; };
		E9C38356134AA75B00661269 /* CoreGraphics.framework in Frameworks */ = {isa = PBXBuildFile; fileRef = E9C38355134AA75B00661269 /* CoreGraphics.framework */; };
		E9C3835C134AA75B00661269 /* InfoPlist.strings in Resources */ = {isa = PBXBuildFile; fileRef = E9C3835A134AA75B00661269 /* InfoPlist.strings */; };
		E9C3835F134AA75B00661269 /* main.m in Sources */ = {isa = PBXBuildFile; fileRef = E9C3835E134AA75B00661269 /* main.m */; };
		E9C38362134AA75B00661269 /* MessagePushAppDelegate.m in Sources */ = {isa = PBXBuildFile; fileRef = E9C38361134AA75B00661269 /* MessagePushAppDelegate.m */; };
		E9C38365134AA75C00661269 /* MainWindow.xib in Resources */ = {isa = PBXBuildFile; fileRef = E9C38363134AA75C00661269 /* MainWindow.xib */; };
		E9C38368134AA75C00661269 /* MessagePushViewController.m in Sources */ = {isa = PBXBuildFile; fileRef = E9C38367134AA75C00661269 /* MessagePushViewController.m */; };
		E9C3836B134AA75C00661269 /* MessagePushViewController.xib in Resources */ = {isa = PBXBuildFile; fileRef = E9C38369134AA75C00661269 /* MessagePushViewController.xib */; };
		E9DE1234134AD351000A2C5A /* index.html in CopyFiles */ = {isa = PBXBuildFile; fileRef = E9DE1229134AD2C1000A2C5A /* index.html */; };
		E9DE1235134AD351000A2C5A /* push.php in CopyFiles */ = {isa = PBXBuildFile; fileRef = E9DE1232134AD322000A2C5A /* push.php */; };
		E9DE1236134AD351000A2C5A /* push.html in CopyFiles */ = {isa = PBXBuildFile; fileRef = E9DE1233134AD339000A2C5A /* push.html */; };
		E9DE123D134AD7F5000A2C5A /* Sound1.aif in Resources */ = {isa = PBXBuildFile; fileRef = E9DE123B134AD7F5000A2C5A /* Sound1.aif */; };
		E9DE123E134AD7F5000A2C5A /* Sound2.aif in Resources */ = {isa = PBXBuildFile; fileRef = E9DE123C134AD7F5000A2C5A /* Sound2.aif */; };
/* End PBXBuildFile section */

/* Begin PBXContainerItemProxy section */
		E9DE1227134ABB8B000A2C5A /* PBXContainerItemProxy */ = {
			isa = PBXContainerItemProxy;
			containerPortal = E9C38344134AA75B00661269 /* Project object */;
			proxyType = 1;
			remoteGlobalIDString = E9241326134AA8AC0056975F;
			remoteInfo = CopySiteFiles;
		};
/* End PBXContainerItemProxy section */

/* Begin PBXCopyFilesBuildPhase section */
		E924132A134AA8B20056975F /* CopyFiles */ = {
			isa = PBXCopyFilesBuildPhase;
			buildActionMask = 2147483647;
			dstPath = /Library/WebServer/Documents/MessagePush/;
			dstSubfolderSpec = 0;
			files = (
				E9DE1234134AD351000A2C5A /* index.html in CopyFiles */,
				E9DE1235134AD351000A2C5A /* push.php in CopyFiles */,
				E9DE1236134AD351000A2C5A /* push.html in CopyFiles */,
				E924132B134AA8C90056975F /* register.php in CopyFiles */,
			);
			runOnlyForDeploymentPostprocessing = 0;
		};
/* End PBXCopyFilesBuildPhase section */

/* Begin PBXFileReference section */
		E9241322134AA87D0056975F /* register.php */ = {isa = PBXFileReference; fileEncoding = 4; lastKnownFileType = text.script.php; path = register.php; sourceTree = "<group>"; };
		E9241324134AA88C0056975F /* MessagePushDB.php */ = {isa = PBXFileReference; fileEncoding = 4; lastKnownFileType = text.script.php; path = MessagePushDB.php; sourceTree = "<group>"; };
		E924132C134AB32A0056975F /* ConnectionViewController.h */ = {isa = PBXFileReference; fileEncoding = 4; lastKnownFileType = sourcecode.c.h; path = ConnectionViewController.h; sourceTree = "<group>"; };
		E924132D134AB32A0056975F /* ConnectionViewController.m */ = {isa = PBXFileReference; fileEncoding = 4; lastKnownFileType = sourcecode.c.objc; path = ConnectionViewController.m; sourceTree = "<group>"; };
		E924132E134AB32B0056975F /* ConnectionViewController.xib */ = {isa = PBXFileReference; fileEncoding = 4; lastKnownFileType = file.xib; path = ConnectionViewController.xib; sourceTree = "<group>"; };
		E9C3834D134AA75B00661269 /* MessagePush.app */ = {isa = PBXFileReference; explicitFileType = wrapper.application; includeInIndex = 0; path = MessagePush.app; sourceTree = BUILT_PRODUCTS_DIR; };
		E9C38351134AA75B00661269 /* UIKit.framework */ = {isa = PBXFileReference; lastKnownFileType = wrapper.framework; name = UIKit.framework; path = System/Library/Frameworks/UIKit.framework; sourceTree = SDKROOT; };
		E9C38353134AA75B00661269 /* Foundation.framework */ = {isa = PBXFileReference; lastKnownFileType = wrapper.framework; name = Foundation.framework; path = System/Library/Frameworks/Foundation.framework; sourceTree = SDKROOT; };
		E9C38355134AA75B00661269 /* CoreGraphics.framework */ = {isa = PBXFileReference; lastKnownFileType = wrapper.framework; name = CoreGraphics.framework; path = System/Library/Frameworks/CoreGraphics.framework; sourceTree = SDKROOT; };
		E9C38359134AA75B00661269 /* MessagePush-Info.plist */ = {isa = PBXFileReference; lastKnownFileType = text.plist.xml; path = "MessagePush-Info.plist"; sourceTree = "<group>"; };
		E9C3835B134AA75B00661269 /* en */ = {isa = PBXFileReference; lastKnownFileType = text.plist.strings; name = en; path = en.lproj/InfoPlist.strings; sourceTree = "<group>"; };
		E9C3835D134AA75B00661269 /* MessagePush-Prefix.pch */ = {isa = PBXFileReference; lastKnownFileType = sourcecode.c.h; path = "MessagePush-Prefix.pch"; sourceTree = "<group>"; };
		E9C3835E134AA75B00661269 /* main.m */ = {isa = PBXFileReference; lastKnownFileType = sourcecode.c.objc; path = main.m; sourceTree = "<group>"; };
		E9C38360134AA75B00661269 /* MessagePushAppDelegate.h */ = {isa = PBXFileReference; lastKnownFileType = sourcecode.c.h; path = MessagePushAppDelegate.h; sourceTree = "<group>"; };
		E9C38361134AA75B00661269 /* MessagePushAppDelegate.m */ = {isa = PBXFileReference; lastKnownFileType = sourcecode.c.objc; path = MessagePushAppDelegate.m; sourceTree = "<group>"; };
		E9C38364134AA75C00661269 /* en */ = {isa = PBXFileReference; lastKnownFileType = file.xib; name = en; path = en.lproj/MainWindow.xib; sourceTree = "<group>"; };
		E9C38366134AA75C00661269 /* MessagePushViewController.h */ = {isa = PBXFileReference; lastKnownFileType = sourcecode.c.h; path = MessagePushViewController.h; sourceTree = "<group>"; };
		E9C38367134AA75C00661269 /* MessagePushViewController.m */ = {isa = PBXFileReference; lastKnownFileType = sourcecode.c.objc; path = MessagePushViewController.m; sourceTree = "<group>"; };
		E9C3836A134AA75C00661269 /* en */ = {isa = PBXFileReference; lastKnownFileType = file.xib; name = en; path = en.lproj/MessagePushViewController.xib; sourceTree = "<group>"; };
		E9DE1229134AD2C1000A2C5A /* index.html */ = {isa = PBXFileReference; lastKnownFileType = text.html; path = index.html; sourceTree = "<group>"; };
		E9DE1232134AD322000A2C5A /* push.php */ = {isa = PBXFileReference; lastKnownFileType = text.script.php; path = push.php; sourceTree = "<group>"; };
		E9DE1233134AD339000A2C5A /* push.html */ = {isa = PBXFileReference; lastKnownFileType = text.html; path = push.html; sourceTree = "<group>"; };
		E9DE123B134AD7F5000A2C5A /* Sound1.aif */ = {isa = PBXFileReference; lastKnownFileType = file; path = Sound1.aif; sourceTree = "<group>"; };
		E9DE123C134AD7F5000A2C5A /* Sound2.aif */ = {isa = PBXFileReference; lastKnownFileType = file; path = Sound2.aif; sourceTree = "<group>"; };
/* End PBXFileReference section */

/* Begin PBXFrameworksBuildPhase section */
		E9C3834A134AA75B00661269 /* Frameworks */ = {
			isa = PBXFrameworksBuildPhase;
			buildActionMask = 2147483647;
			files = (
				E9C38352134AA75B00661269 /* UIKit.framework in Frameworks */,
				E9C38354134AA75B00661269 /* Foundation.framework in Frameworks */,
				E9C38356134AA75B00661269 /* CoreGraphics.framework in Frameworks */,
			);
			runOnlyForDeploymentPostprocessing = 0;
		};
/* End PBXFrameworksBuildPhase section */

/* Begin PBXGroup section */
		E9241321134AA8670056975F /* Site Files */ = {
			isa = PBXGroup;
			children = (
				E9241322134AA87D0056975F /* register.php */,
				E9241324134AA88C0056975F /* MessagePushDB.php */,
				E9DE1229134AD2C1000A2C5A /* index.html */,
				E9DE1232134AD322000A2C5A /* push.php */,
				E9DE1233134AD339000A2C5A /* push.html */,
			);
			name = "Site Files";
			sourceTree = "<group>";
		};
		E9C38342134AA75B00661269 = {
			isa = PBXGroup;
			children = (
				E9C38357134AA75B00661269 /* MessagePush */,
				E9C38350134AA75B00661269 /* Frameworks */,
				E9C3834E134AA75B00661269 /* Products */,
			);
			sourceTree = "<group>";
		};
		E9C3834E134AA75B00661269 /* Products */ = {
			isa = PBXGroup;
			children = (
				E9C3834D134AA75B00661269 /* MessagePush.app */,
			);
			name = Products;
			sourceTree = "<group>";
		};
		E9C38350134AA75B00661269 /* Frameworks */ = {
			isa = PBXGroup;
			children = (
				E9C38351134AA75B00661269 /* UIKit.framework */,
				E9C38353134AA75B00661269 /* Foundation.framework */,
				E9C38355134AA75B00661269 /* CoreGraphics.framework */,
			);
			name = Frameworks;
			sourceTree = "<group>";
		};
		E9C38357134AA75B00661269 /* MessagePush */ = {
			isa = PBXGroup;
			children = (
				E924132C134AB32A0056975F /* ConnectionViewController.h */,
				E924132D134AB32A0056975F /* ConnectionViewController.m */,
				E924132E134AB32B0056975F /* ConnectionViewController.xib */,
				E9241321134AA8670056975F /* Site Files */,
				E9C38360134AA75B00661269 /* MessagePushAppDelegate.h */,
				E9C38361134AA75B00661269 /* MessagePushAppDelegate.m */,
				E9C38363134AA75C00661269 /* MainWindow.xib */,
				E9C38366134AA75C00661269 /* MessagePushViewController.h */,
				E9C38367134AA75C00661269 /* MessagePushViewController.m */,
				E9C38369134AA75C00661269 /* MessagePushViewController.xib */,
				E9C38358134AA75B00661269 /* Supporting Files */,
			);
			path = MessagePush;
			sourceTree = "<group>";
		};
		E9C38358134AA75B00661269 /* Supporting Files */ = {
			isa = PBXGroup;
			children = (
				E9DE123B134AD7F5000A2C5A /* Sound1.aif */,
				E9DE123C134AD7F5000A2C5A /* Sound2.aif */,
				E9C38359134AA75B00661269 /* MessagePush-Info.plist */,
				E9C3835A134AA75B00661269 /* InfoPlist.strings */,
				E9C3835D134AA75B00661269 /* MessagePush-Prefix.pch */,
				E9C3835E134AA75B00661269 /* main.m */,
			);
			name = "Supporting Files";
			sourceTree = "<group>";
		};
/* End PBXGroup section */

/* Begin PBXNativeTarget section */
		E9C3834C134AA75B00661269 /* MessagePush */ = {
			isa = PBXNativeTarget;
			buildConfigurationList = E9C3836E134AA75C00661269 /* Build configuration list for PBXNativeTarget "MessagePush" */;
			buildPhases = (
				E9C38349134AA75B00661269 /* Sources */,
				E9C3834A134AA75B00661269 /* Frameworks */,
				E9C3834B134AA75B00661269 /* Resources */,
			);
			buildRules = (
			);
			dependencies = (
				E9DE1228134ABB8B000A2C5A /* PBXTargetDependency */,
			);
			name = MessagePush;
			productName = MessagePush;
			productReference = E9C3834D134AA75B00661269 /* MessagePush.app */;
			productType = "com.apple.product-type.application";
		};
/* End PBXNativeTarget section */

/* Begin PBXProject section */
		E9C38344134AA75B00661269 /* Project object */ = {
			isa = PBXProject;
			buildConfigurationList = E9C38347134AA75B00661269 /* Build configuration list for PBXProject "MessagePush" */;
			compatibilityVersion = "Xcode 3.2";
			developmentRegion = English;
			hasScannedForEncodings = 0;
			knownRegions = (
				en,
			);
			mainGroup = E9C38342134AA75B00661269;
			productRefGroup = E9C3834E134AA75B00661269 /* Products */;
			projectDirPath = "";
			projectRoot = "";
			targets = (
				E9C3834C134AA75B00661269 /* MessagePush */,
				E9241326134AA8AC0056975F /* CopySiteFiles */,
			);
		};
/* End PBXProject section */

/* Begin PBXResourcesBuildPhase section */
		E9C3834B134AA75B00661269 /* Resources */ = {
			isa = PBXResourcesBuildPhase;
			buildActionMask = 2147483647;
			files = (
				E9C3835C134AA75B00661269 /* InfoPlist.strings in Resources */,
				E9C38365134AA75C00661269 /* MainWindow.xib in Resources */,
				E9C3836B134AA75C00661269 /* MessagePushViewController.xib in Resources */,
				E9241330134AB32B0056975F /* ConnectionViewController.xib in Resources */,
				E9DE123D134AD7F5000A2C5A /* Sound1.aif in Resources */,
				E9DE123E134AD7F5000A2C5A /* Sound2.aif in Resources */,
			);
			runOnlyForDeploymentPostprocessing = 0;
		};
/* End PBXResourcesBuildPhase section */

/* Begin PBXSourcesBuildPhase section */
		E9C38349134AA75B00661269 /* Sources */ = {
			isa = PBXSourcesBuildPhase;
			buildActionMask = 2147483647;
			files = (
				E9C3835F134AA75B00661269 /* main.m in Sources */,
				E9C38362134AA75B00661269 /* MessagePushAppDelegate.m in Sources */,
				E9C38368134AA75C00661269 /* MessagePushViewController.m in Sources */,
				E924132F134AB32B0056975F /* ConnectionViewController.m in Sources */,
			);
			runOnlyForDeploymentPostprocessing = 0;
		};
/* End PBXSourcesBuildPhase section */

/* Begin PBXTargetDependency section */
		E9DE1228134ABB8B000A2C5A /* PBXTargetDependency */ = {
			isa = PBXTargetDependency;
			target = E9241326134AA8AC0056975F /* CopySiteFiles */;
			targetProxy = E9DE1227134ABB8B000A2C5A /* PBXContainerItemProxy */;
		};
/* End PBXTargetDependency section */

/* Begin PBXVariantGroup section */
		E9C3835A134AA75B00661269 /* InfoPlist.strings */ = {
			isa = PBXVariantGroup;
			children = (
				E9C3835B134AA75B00661269 /* en */,
			);
			name = InfoPlist.strings;
			sourceTree = "<group>";
		};
		E9C38363134AA75C00661269 /* MainWindow.xib */ = {
			isa = PBXVariantGroup;
			children = (
				E9C38364134AA75C00661269 /* en */,
			);
			name = MainWindow.xib;
			sourceTree = "<group>";
		};
		E9C38369134AA75C00661269 /* MessagePushViewController.xib */ = {
			isa = PBXVariantGroup;
			children = (
				E9C3836A134AA75C00661269 /* en */,
			);
			name = MessagePushViewController.xib;
			sourceTree = "<group>";
		};
/* End PBXVariantGroup section */

/* Begin XCBuildConfiguration section */
		E9241328134AA8AC0056975F /* Debug */ = {
			isa = XCBuildConfiguration;
			buildSettings = {
				PRODUCT_NAME = "$(TARGET_NAME)";
			};
			name = Debug;
		};
		E9241329134AA8AC0056975F /* Release */ = {
			isa = XCBuildConfiguration;
			buildSettings = {
				PRODUCT_NAME = "$(TARGET_NAME)";
			};
			name = Release;
		};
		E9C3836C134AA75C00661269 /* Debug */ = {
			isa = XCBuildConfiguration;
			buildSettings = {
				ARCHS = "$(ARCHS_STANDARD_32_BIT)";
				CODE_SIGN_IDENTITY = "iPhone Developer: Akira Hayashi (92VQU3L6NM)";
				"CODE_SIGN_IDENTITY[sdk=iphoneos*]" = "iPhone Developer";
				GCC_C_LANGUAGE_STANDARD = gnu99;
				GCC_OPTIMIZATION_LEVEL = 0;
				GCC_PREPROCESSOR_DEFINITIONS = DEBUG;
				GCC_SYMBOLS_PRIVATE_EXTERN = NO;
				GCC_VERSION = com.apple.compilers.llvmgcc42;
				GCC_WARN_ABOUT_RETURN_TYPE = YES;
				GCC_WARN_UNUSED_VARIABLE = YES;
				IPHONEOS_DEPLOYMENT_TARGET = 4.3;
				PROVISIONING_PROFILE = "66F250AA-55AF-45BF-9090-078E91691C2D";
				SDKROOT = iphoneos;
			};
			name = Debug;
		};
		E9C3836D134AA75C00661269 /* Release */ = {
			isa = XCBuildConfiguration;
			buildSettings = {
				ARCHS = "$(ARCHS_STANDARD_32_BIT)";
				CODE_SIGN_IDENTITY = "iPhone Developer: Akira Hayashi (92VQU3L6NM)";
				"CODE_SIGN_IDENTITY[sdk=iphoneos*]" = "iPhone Developer";
				GCC_C_LANGUAGE_STANDARD = gnu99;
				GCC_VERSION = com.apple.compilers.llvmgcc42;
				GCC_WARN_ABOUT_RETURN_TYPE = YES;
				GCC_WARN_UNUSED_VARIABLE = YES;
				IPHONEOS_DEPLOYMENT_TARGET = 4.3;
				OTHER_CFLAGS = "-DNS_BLOCK_ASSERTIONS=1";
				PROVISIONING_PROFILE = "66F250AA-55AF-45BF-9090-078E91691C2D";
				SDKROOT = iphoneos;
			};
			name = Release;
		};
		E9C3836F134AA75C00661269 /* Debug */ = {
			isa = XCBuildConfiguration;
			buildSettings = {
				ALWAYS_SEARCH_USER_PATHS = NO;
				COPY_PHASE_STRIP = NO;
				GCC_DYNAMIC_NO_PIC = NO;
				GCC_PRECOMPILE_PREFIX_HEADER = YES;
				GCC_PREFIX_HEADER = "MessagePush/MessagePush-Prefix.pch";
				INFOPLIST_FILE = "MessagePush/MessagePush-Info.plist";
				IPHONEOS_DEPLOYMENT_TARGET = 4.3;
				PRODUCT_NAME = "$(TARGET_NAME)";
				TARGETED_DEVICE_FAMILY = "1,2";
				WRAPPER_EXTENSION = app;
			};
			name = Debug;
		};
		E9C38370134AA75C00661269 /* Release */ = {
			isa = XCBuildConfiguration;
			buildSettings = {
				ALWAYS_SEARCH_USER_PATHS = NO;
				COPY_PHASE_STRIP = YES;
				GCC_PRECOMPILE_PREFIX_HEADER = YES;
				GCC_PREFIX_HEADER = "MessagePush/MessagePush-Prefix.pch";
				INFOPLIST_FILE = "MessagePush/MessagePush-Info.plist";
				IPHONEOS_DEPLOYMENT_TARGET = 4.3;
				PRODUCT_NAME = "$(TARGET_NAME)";
				TARGETED_DEVICE_FAMILY = "1,2";
				VALIDATE_PRODUCT = YES;
				WRAPPER_EXTENSION = app;
			};
			name = Release;
		};
/* End XCBuildConfiguration section */

/* Begin XCConfigurationList section */
		E9241327134AA8AC0056975F /* Build configuration list for PBXAggregateTarget "CopySiteFiles" */ = {
			isa = XCConfigurationList;
			buildConfigurations = (
				E9241328134AA8AC0056975F /* Debug */,
				E9241329134AA8AC0056975F /* Release */,
			);
			defaultConfigurationIsVisible = 0;
			defaultConfigurationName = Release;
		};
		E9C38347134AA75B00661269 /* Build configuration list for PBXProject "MessagePush" */ = {
			isa = XCConfigurationList;
			buildConfigurations = (
				E9C3836C134AA75C00661269 /* Debug */,
				E9C3836D134AA75C00661269 /* Release */,
			);
			defaultConfigurationIsVisible = 0;
			defaultConfigurationName = Release;
		};
		E9C3836E134AA75C00661269 /* Build configuration list for PBXNativeTarget "MessagePush" */ = {
			isa = XCConfigurationList;
			buildConfigurations = (
				E9C3836F134AA75C00661269 /* Debug */,
				E9C38370134AA75C00661269 /* Release */,
			);
			defaultConfigurationIsVisible = 0;
			defaultConfigurationName = Release;
		};
/* End XCConfigurationList section */
	};
	rootObject = E9C38344134AA75B00661269 /* Project object */;
}
